
Microsoft Visual Studio Solution File, Format Version 12.00
Project("{FAE04EC0-301F-11D3-BF4B-00C04F79EFBC}") = "Minesweeper", "Minesweeper\Minesweeper.csproj", "{35F27DF5-B92B-4757-AE7B-A8EC70CE6CE5}"
EndProject
Project("{FAE04EC0-301F-11D3-BF4B-00C04F79EFBC}") = "Minesweeper.UnitTests", "Minesweeper.UnitTests\Minesweeper.UnitTests.csproj", "{A861F98B-BC5C-43BF-A936-F7081F26FFAF}"
EndProject
Global
	GlobalSection(SolutionConfigurationPlatforms) = preSolution
		Debug|Any CPU = Debug|Any CPU
		Release|Any CPU = Release|Any CPU
	EndGlobalSection
	GlobalSection(ProjectConfigurationPlatforms) = postSolution
		{35F27DF5-B92B-4757-AE7B-A8EC70CE6CE5}.Debug|Any CPU.ActiveCfg = Debug|Any CPU
		{35F27DF5-B92B-4757-AE7B-A8EC70CE6CE5}.Debug|Any CPU.Build.0 = Debug|Any CPU
		{35F27DF5-B92B-4757-AE7B-A8EC70CE6CE5}.Release|Any CPU.ActiveCfg = Release|Any CPU
		{35F27DF5-B92B-4757-AE7B-A8EC70CE6CE5}.Release|Any CPU.Build.0 = Release|Any CPU
		{A861F98B-BC5C-43BF-A936-F7081F26FFAF}.Debug|Any CPU.ActiveCfg = Debug|Any CPU
		{A861F98B-BC5C-43BF-A936-F7081F26FFAF}.Debug|Any CPU.Build.0 = Debug|Any CPU
		{A861F98B-BC5C-43BF-A936-F7081F26FFAF}.Release|Any CPU.ActiveCfg = Release|Any CPU
		{A861F98B-BC5C-43BF-A936-F7081F26FFAF}.Release|Any CPU.Build.0 = Release|Any CPU
	EndGlobalSection
EndGlobal
